// !$*UTF8*$!
{
	archiveVersion = 1;
	classes = {
	};
	objectVersion = 54;
	objects = {

/* Begin PBXBuildFile section */
		C25B994325EB9BE100FBB720 /* ContentNavigation.swift in Sources */ = {isa = PBXBuildFile; fileRef = C25B994225EB9BE100FBB720 /* ContentNavigation.swift */; };
		C25B99C125EBC7B500FBB720 /* Response.swift in Sources */ = {isa = PBXBuildFile; fileRef = C25B99C025EBC7B500FBB720 /* Response.swift */; };
		C25B99C625EBC7EE00FBB720 /* ExchangeRate.swift in Sources */ = {isa = PBXBuildFile; fileRef = C25B99C525EBC7EE00FBB720 /* ExchangeRate.swift */; };
		C25B99CB25EBC84200FBB720 /* ViewModel.swift in Sources */ = {isa = PBXBuildFile; fileRef = C25B99CA25EBC84200FBB720 /* ViewModel.swift */; };
		C25B99D425EBD1E500FBB720 /* Currency.swift in Sources */ = {isa = PBXBuildFile; fileRef = C25B99D325EBD1E500FBB720 /* Currency.swift */; };
		C25B99D925EBD21A00FBB720 /* Constants.swift in Sources */ = {isa = PBXBuildFile; fileRef = C25B99D825EBD21A00FBB720 /* Constants.swift */; };
		C25B99DE25EBD3F100FBB720 /* CurrencyConversion.swift in Sources */ = {isa = PBXBuildFile; fileRef = C25B99DD25EBD3F100FBB720 /* CurrencyConversion.swift */; };
		C25B99EF25EBDD9500FBB720 /* APIRequest.swift in Sources */ = {isa = PBXBuildFile; fileRef = C25B99EE25EBDD9500FBB720 /* APIRequest.swift */; };
		C25B99F425EBE21400FBB720 /* JSON.swift in Sources */ = {isa = PBXBuildFile; fileRef = C25B99F325EBE21400FBB720 /* JSON.swift */; };
		C26B00EA25EA951400AD7348 /* C2CApp.swift in Sources */ = {isa = PBXBuildFile; fileRef = C26B00E925EA951400AD7348 /* C2CApp.swift */; };
		C26B00EC25EA951400AD7348 /* ContentView.swift in Sources */ = {isa = PBXBuildFile; fileRef = C26B00EB25EA951400AD7348 /* ContentView.swift */; };
		C26B00EE25EA951700AD7348 /* Assets.xcassets in Resources */ = {isa = PBXBuildFile; fileRef = C26B00ED25EA951700AD7348 /* Assets.xcassets */; };
		C26B00F125EA951700AD7348 /* Preview Assets.xcassets in Resources */ = {isa = PBXBuildFile; fileRef = C26B00F025EA951700AD7348 /* Preview Assets.xcassets */; };
		C26B00FC25EA951700AD7348 /* C2CTests.swift in Sources */ = {isa = PBXBuildFile; fileRef = C26B00FB25EA951700AD7348 /* C2CTests.swift */; };
		C26B010725EA951700AD7348 /* C2CUITests.swift in Sources */ = {isa = PBXBuildFile; fileRef = C26B010625EA951700AD7348 /* C2CUITests.swift */; };
/* End PBXBuildFile section */

/* Begin PBXContainerItemProxy section */
		C26B00F825EA951700AD7348 /* PBXContainerItemProxy */ = {
			isa = PBXContainerItemProxy;
			containerPortal = C26B00DE25EA951400AD7348 /* Project object */;
			proxyType = 1;
			remoteGlobalIDString = C26B00E525EA951400AD7348;
			remoteInfo = C2C;
		};
		C26B010325EA951700AD7348 /* PBXContainerItemProxy */ = {
			isa = PBXContainerItemProxy;
			containerPortal = C26B00DE25EA951400AD7348 /* Project object */;
			proxyType = 1;
			remoteGlobalIDString = C26B00E525EA951400AD7348;
			remoteInfo = C2C;
		};
/* End PBXContainerItemProxy section */

/* Begin PBXFileReference section */
		C25B994225EB9BE100FBB720 /* ContentNavigation.swift */ = {isa = PBXFileReference; lastKnownFileType = sourcecode.swift; path = ContentNavigation.swift; sourceTree = "<group>"; };
		C25B99C025EBC7B500FBB720 /* Response.swift */ = {isa = PBXFileReference; lastKnownFileType = sourcecode.swift; path = Response.swift; sourceTree = "<group>"; };
		C25B99C525EBC7EE00FBB720 /* ExchangeRate.swift */ = {isa = PBXFileReference; lastKnownFileType = sourcecode.swift; path = ExchangeRate.swift; sourceTree = "<group>"; };
		C25B99CA25EBC84200FBB720 /* ViewModel.swift */ = {isa = PBXFileReference; lastKnownFileType = sourcecode.swift; path = ViewModel.swift; sourceTree = "<group>"; };
		C25B99D325EBD1E500FBB720 /* Currency.swift */ = {isa = PBXFileReference; lastKnownFileType = sourcecode.swift; path = Currency.swift; sourceTree = "<group>"; };
		C25B99D825EBD21A00FBB720 /* Constants.swift */ = {isa = PBXFileReference; lastKnownFileType = sourcecode.swift; path = Constants.swift; sourceTree = "<group>"; };
		C25B99DD25EBD3F100FBB720 /* CurrencyConversion.swift */ = {isa = PBXFileReference; lastKnownFileType = sourcecode.swift; path = CurrencyConversion.swift; sourceTree = "<group>"; };
		C25B99EE25EBDD9500FBB720 /* APIRequest.swift */ = {isa = PBXFileReference; lastKnownFileType = sourcecode.swift; path = APIRequest.swift; sourceTree = "<group>"; };
		C25B99F325EBE21400FBB720 /* JSON.swift */ = {isa = PBXFileReference; lastKnownFileType = sourcecode.swift; path = JSON.swift; sourceTree = "<group>"; };
		C26B00E625EA951400AD7348 /* C2C.app */ = {isa = PBXFileReference; explicitFileType = wrapper.application; includeInIndex = 0; path = C2C.app; sourceTree = BUILT_PRODUCTS_DIR; };
		C26B00E925EA951400AD7348 /* C2CApp.swift */ = {isa = PBXFileReference; lastKnownFileType = sourcecode.swift; path = C2CApp.swift; sourceTree = "<group>"; };
		C26B00EB25EA951400AD7348 /* ContentView.swift */ = {isa = PBXFileReference; lastKnownFileType = sourcecode.swift; path = ContentView.swift; sourceTree = "<group>"; };
		C26B00ED25EA951700AD7348 /* Assets.xcassets */ = {isa = PBXFileReference; lastKnownFileType = folder.assetcatalog; path = Assets.xcassets; sourceTree = "<group>"; };
		C26B00F025EA951700AD7348 /* Preview Assets.xcassets */ = {isa = PBXFileReference; lastKnownFileType = folder.assetcatalog; path = "Preview Assets.xcassets"; sourceTree = "<group>"; };
		C26B00F225EA951700AD7348 /* Info.plist */ = {isa = PBXFileReference; lastKnownFileType = text.plist.xml; path = Info.plist; sourceTree = "<group>"; };
		C26B00F725EA951700AD7348 /* C2CTests.xctest */ = {isa = PBXFileReference; explicitFileType = wrapper.cfbundle; includeInIndex = 0; path = C2CTests.xctest; sourceTree = BUILT_PRODUCTS_DIR; };
		C26B00FB25EA951700AD7348 /* C2CTests.swift */ = {isa = PBXFileReference; lastKnownFileType = sourcecode.swift; path = C2CTests.swift; sourceTree = "<group>"; };
		C26B00FD25EA951700AD7348 /* Info.plist */ = {isa = PBXFileReference; lastKnownFileType = text.plist.xml; path = Info.plist; sourceTree = "<group>"; };
		C26B010225EA951700AD7348 /* C2CUITests.xctest */ = {isa = PBXFileReference; explicitFileType = wrapper.cfbundle; includeInIndex = 0; path = C2CUITests.xctest; sourceTree = BUILT_PRODUCTS_DIR; };
		C26B010625EA951700AD7348 /* C2CUITests.swift */ = {isa = PBXFileReference; lastKnownFileType = sourcecode.swift; path = C2CUITests.swift; sourceTree = "<group>"; };
		C26B010825EA951700AD7348 /* Info.plist */ = {isa = PBXFileReference; lastKnownFileType = text.plist.xml; path = Info.plist; sourceTree = "<group>"; };
/* End PBXFileReference section */

/* Begin PBXFrameworksBuildPhase section */
		C26B00E325EA951400AD7348 /* Frameworks */ = {
			isa = PBXFrameworksBuildPhase;
			buildActionMask = 2147483647;
			files = (
			);
			runOnlyForDeploymentPostprocessing = 0;
		};
		C26B00F425EA951700AD7348 /* Frameworks */ = {
			isa = PBXFrameworksBuildPhase;
			buildActionMask = 2147483647;
			files = (
			);
			runOnlyForDeploymentPostprocessing = 0;
		};
		C26B00FF25EA951700AD7348 /* Frameworks */ = {
			isa = PBXFrameworksBuildPhase;
			buildActionMask = 2147483647;
			files = (
			);
			runOnlyForDeploymentPostprocessing = 0;
		};
/* End PBXFrameworksBuildPhase section */

/* Begin PBXGroup section */
		C25B994725EBC5D800FBB720 /* Models */ = {
			isa = PBXGroup;
			children = (
				C25B99D325EBD1E500FBB720 /* Currency.swift */,
				C25B99DD25EBD3F100FBB720 /* CurrencyConversion.swift */,
				C25B99C525EBC7EE00FBB720 /* ExchangeRate.swift */,
				C25B99C025EBC7B500FBB720 /* Response.swift */,
			);
			path = Models;
			sourceTree = "<group>";
		};
		C25B99B225EBC67200FBB720 /* Scenes */ = {
			isa = PBXGroup;
			children = (
				C25B994225EB9BE100FBB720 /* ContentNavigation.swift */,
				C26B00EB25EA951400AD7348 /* ContentView.swift */,
				C25B99CA25EBC84200FBB720 /* ViewModel.swift */,
			);
			path = Scenes;
			sourceTree = "<group>";
		};
		C25B99B625EBC6AA00FBB720 /* Common */ = {
			isa = PBXGroup;
			children = (
				C26B00E925EA951400AD7348 /* C2CApp.swift */,
				C25B99D825EBD21A00FBB720 /* Constants.swift */,
				C25B99EE25EBDD9500FBB720 /* APIRequest.swift */,
				C25B99F325EBE21400FBB720 /* JSON.swift */,
			);
			path = Common;
			sourceTree = "<group>";
		};
		C26B00DD25EA951400AD7348 = {
			isa = PBXGroup;
			children = (
				C26B00E825EA951400AD7348 /* C2C */,
				C26B00FA25EA951700AD7348 /* C2CTests */,
				C26B010525EA951700AD7348 /* C2CUITests */,
				C26B00E725EA951400AD7348 /* Products */,
			);
			indentWidth = 2;
			sourceTree = "<group>";
			tabWidth = 2;
		};
		C26B00E725EA951400AD7348 /* Products */ = {
			isa = PBXGroup;
			children = (
				C26B00E625EA951400AD7348 /* C2C.app */,
				C26B00F725EA951700AD7348 /* C2CTests.xctest */,
				C26B010225EA951700AD7348 /* C2CUITests.xctest */,
			);
			name = Products;
			sourceTree = "<group>";
		};
		C26B00E825EA951400AD7348 /* C2C */ = {
			isa = PBXGroup;
			children = (
				C26B00F225EA951700AD7348 /* Info.plist */,
				C26B00ED25EA951700AD7348 /* Assets.xcassets */,
				C25B99B625EBC6AA00FBB720 /* Common */,
				C25B994725EBC5D800FBB720 /* Models */,
				C26B00EF25EA951700AD7348 /* Preview Content */,
				C25B99B225EBC67200FBB720 /* Scenes */,
			);
			path = C2C;
			sourceTree = "<group>";
		};
		C26B00EF25EA951700AD7348 /* Preview Content */ = {
			isa = PBXGroup;
			children = (
				C26B00F025EA951700AD7348 /* Preview Assets.xcassets */,
			);
			path = "Preview Content";
			sourceTree = "<group>";
		};
		C26B00FA25EA951700AD7348 /* C2CTests */ = {
			isa = PBXGroup;
			children = (
				C26B00FB25EA951700AD7348 /* C2CTests.swift */,
				C26B00FD25EA951700AD7348 /* Info.plist */,
			);
			path = C2CTests;
			sourceTree = "<group>";
		};
		C26B010525EA951700AD7348 /* C2CUITests */ = {
			isa = PBXGroup;
			children = (
				C26B010625EA951700AD7348 /* C2CUITests.swift */,
				C26B010825EA951700AD7348 /* Info.plist */,
			);
			path = C2CUITests;
			sourceTree = "<group>";
		};
/* End PBXGroup section */

/* Begin PBXNativeTarget section */
		C26B00E525EA951400AD7348 /* C2C */ = {
			isa = PBXNativeTarget;
			buildConfigurationList = C26B010B25EA951700AD7348 /* Build configuration list for PBXNativeTarget "C2C" */;
			buildPhases = (
				C26B00E225EA951400AD7348 /* Sources */,
				C26B00E325EA951400AD7348 /* Frameworks */,
				C26B00E425EA951400AD7348 /* Resources */,
			);
			buildRules = (
			);
			dependencies = (
			);
			name = C2C;
			productName = C2C;
			productReference = C26B00E625EA951400AD7348 /* C2C.app */;
			productType = "com.apple.product-type.application";
		};
		C26B00F625EA951700AD7348 /* C2CTests */ = {
			isa = PBXNativeTarget;
			buildConfigurationList = C26B010E25EA951700AD7348 /* Build configuration list for PBXNativeTarget "C2CTests" */;
			buildPhases = (
				C26B00F325EA951700AD7348 /* Sources */,
				C26B00F425EA951700AD7348 /* Frameworks */,
				C26B00F525EA951700AD7348 /* Resources */,
			);
			buildRules = (
			);
			dependencies = (
				C26B00F925EA951700AD7348 /* PBXTargetDependency */,
			);
			name = C2CTests;
			productName = C2CTests;
			productReference = C26B00F725EA951700AD7348 /* C2CTests.xctest */;
			productType = "com.apple.product-type.bundle.unit-test";
		};
		C26B010125EA951700AD7348 /* C2CUITests */ = {
			isa = PBXNativeTarget;
			buildConfigurationList = C26B011125EA951700AD7348 /* Build configuration list for PBXNativeTarget "C2CUITests" */;
			buildPhases = (
				C26B00FE25EA951700AD7348 /* Sources */,
				C26B00FF25EA951700AD7348 /* Frameworks */,
				C26B010025EA951700AD7348 /* Resources */,
			);
			buildRules = (
			);
			dependencies = (
				C26B010425EA951700AD7348 /* PBXTargetDependency */,
			);
			name = C2CUITests;
			productName = C2CUITests;
			productReference = C26B010225EA951700AD7348 /* C2CUITests.xctest */;
			productType = "com.apple.product-type.bundle.ui-testing";
		};
/* End PBXNativeTarget section */

/* Begin PBXProject section */
		C26B00DE25EA951400AD7348 /* Project object */ = {
			isa = PBXProject;
			attributes = {
				LastSwiftUpdateCheck = 1240;
				LastUpgradeCheck = 1240;
				TargetAttributes = {
					C26B00E525EA951400AD7348 = {
						CreatedOnToolsVersion = 12.4;
					};
					C26B00F625EA951700AD7348 = {
						CreatedOnToolsVersion = 12.4;
						TestTargetID = C26B00E525EA951400AD7348;
					};
					C26B010125EA951700AD7348 = {
						CreatedOnToolsVersion = 12.4;
						TestTargetID = C26B00E525EA951400AD7348;
					};
				};
			};
			buildConfigurationList = C26B00E125EA951400AD7348 /* Build configuration list for PBXProject "C2C" */;
			compatibilityVersion = "Xcode 12.0";
			developmentRegion = en;
			hasScannedForEncodings = 0;
			knownRegions = (
				en,
				Base,
			);
			mainGroup = C26B00DD25EA951400AD7348;
			productRefGroup = C26B00E725EA951400AD7348 /* Products */;
			projectDirPath = "";
			projectRoot = "";
			targets = (
				C26B00E525EA951400AD7348 /* C2C */,
				C26B00F625EA951700AD7348 /* C2CTests */,
				C26B010125EA951700AD7348 /* C2CUITests */,
			);
		};
/* End PBXProject section */

/* Begin PBXResourcesBuildPhase section */
		C26B00E425EA951400AD7348 /* Resources */ = {
			isa = PBXResourcesBuildPhase;
			buildActionMask = 2147483647;
			files = (
				C26B00F125EA951700AD7348 /* Preview Assets.xcassets in Resources */,
				C26B00EE25EA951700AD7348 /* Assets.xcassets in Resources */,
			);
			runOnlyForDeploymentPostprocessing = 0;
		};
		C26B00F525EA951700AD7348 /* Resources */ = {
			isa = PBXResourcesBuildPhase;
			buildActionMask = 2147483647;
			files = (
			);
			runOnlyForDeploymentPostprocessing = 0;
		};
		C26B010025EA951700AD7348 /* Resources */ = {
			isa = PBXResourcesBuildPhase;
			buildActionMask = 2147483647;
			files = (
			);
			runOnlyForDeploymentPostprocessing = 0;
		};
/* End PBXResourcesBuildPhase section */

/* Begin PBXSourcesBuildPhase section */
		C26B00E225EA951400AD7348 /* Sources */ = {
			isa = PBXSourcesBuildPhase;
			buildActionMask = 2147483647;
			files = (
				C25B99C125EBC7B500FBB720 /* Response.swift in Sources */,
				C25B99F425EBE21400FBB720 /* JSON.swift in Sources */,
				C25B99DE25EBD3F100FBB720 /* CurrencyConversion.swift in Sources */,
				C26B00EC25EA951400AD7348 /* ContentView.swift in Sources */,
				C26B00EA25EA951400AD7348 /* C2CApp.swift in Sources */,
				C25B99C625EBC7EE00FBB720 /* ExchangeRate.swift in Sources */,
				C25B99CB25EBC84200FBB720 /* ViewModel.swift in Sources */,
				C25B99D425EBD1E500FBB720 /* Currency.swift in Sources */,
				C25B994325EB9BE100FBB720 /* ContentNavigation.swift in Sources */,
				C25B99EF25EBDD9500FBB720 /* APIRequest.swift in Sources */,
				C25B99D925EBD21A00FBB720 /* Constants.swift in Sources */,
			);
			runOnlyForDeploymentPostprocessing = 0;
		};
		C26B00F325EA951700AD7348 /* Sources */ = {
			isa = PBXSourcesBuildPhase;
			buildActionMask = 2147483647;
			files = (
				C26B00FC25EA951700AD7348 /* C2CTests.swift in Sources */,
			);
			runOnlyForDeploymentPostprocessing = 0;
		};
		C26B00FE25EA951700AD7348 /* Sources */ = {
			isa = PBXSourcesBuildPhase;
			buildActionMask = 2147483647;
			files = (
				C26B010725EA951700AD7348 /* C2CUITests.swift in Sources */,
			);
			runOnlyForDeploymentPostprocessing = 0;
		};
/* End PBXSourcesBuildPhase section */

/* Begin PBXTargetDependency section */
		C26B00F925EA951700AD7348 /* PBXTargetDependency */ = {
			isa = PBXTargetDependency;
			target = C26B00E525EA951400AD7348 /* C2C */;
			targetProxy = C26B00F825EA951700AD7348 /* PBXContainerItemProxy */;
		};
		C26B010425EA951700AD7348 /* PBXTargetDependency */ = {
			isa = PBXTargetDependency;
			target = C26B00E525EA951400AD7348 /* C2C */;
			targetProxy = C26B010325EA951700AD7348 /* PBXContainerItemProxy */;
		};
/* End PBXTargetDependency section */

/* Begin XCBuildConfiguration section */
		C26B010925EA951700AD7348 /* Debug */ = {
			isa = XCBuildConfiguration;
			buildSettings = {
				ALWAYS_SEARCH_USER_PATHS = NO;
				CLANG_ANALYZER_NONNULL = YES;
				CLANG_ANALYZER_NUMBER_OBJECT_CONVERSION = YES_AGGRESSIVE;
				CLANG_CXX_LANGUAGE_STANDARD = "gnu++14";
				CLANG_CXX_LIBRARY = "libc++";
				CLANG_ENABLE_MODULES = YES;
				CLANG_ENABLE_OBJC_ARC = YES;
				CLANG_ENABLE_OBJC_WEAK = YES;
				CLANG_WARN_BLOCK_CAPTURE_AUTORELEASING = YES;
				CLANG_WARN_BOOL_CONVERSION = YES;
				CLANG_WARN_COMMA = YES;
				CLANG_WARN_CONSTANT_CONVERSION = YES;
				CLANG_WARN_DEPRECATED_OBJC_IMPLEMENTATIONS = YES;
				CLANG_WARN_DIRECT_OBJC_ISA_USAGE = YES_ERROR;
				CLANG_WARN_DOCUMENTATION_COMMENTS = YES;
				CLANG_WARN_EMPTY_BODY = YES;
				CLANG_WARN_ENUM_CONVERSION = YES;
				CLANG_WARN_INFINITE_RECURSION = YES;
				CLANG_WARN_INT_CONVERSION = YES;
				CLANG_WARN_NON_LITERAL_NULL_CONVERSION = YES;
				CLANG_WARN_OBJC_IMPLICIT_RETAIN_SELF = YES;
				CLANG_WARN_OBJC_LITERAL_CONVERSION = YES;
				CLANG_WARN_OBJC_ROOT_CLASS = YES_ERROR;
				CLANG_WARN_QUOTED_INCLUDE_IN_FRAMEWORK_HEADER = YES;
				CLANG_WARN_RANGE_LOOP_ANALYSIS = YES;
				CLANG_WARN_STRICT_PROTOTYPES = YES;
				CLANG_WARN_SUSPICIOUS_MOVE = YES;
				CLANG_WARN_UNGUARDED_AVAILABILITY = YES_AGGRESSIVE;
				CLANG_WARN_UNREACHABLE_CODE = YES;
				CLANG_WARN__DUPLICATE_METHOD_MATCH = YES;
				COPY_PHASE_STRIP = NO;
				DEBUG_INFORMATION_FORMAT = dwarf;
				ENABLE_STRICT_OBJC_MSGSEND = YES;
				ENABLE_TESTABILITY = YES;
				GCC_C_LANGUAGE_STANDARD = gnu11;
				GCC_DYNAMIC_NO_PIC = NO;
				GCC_NO_COMMON_BLOCKS = YES;
				GCC_OPTIMIZATION_LEVEL = 0;
				GCC_PREPROCESSOR_DEFINITIONS = (
					"DEBUG=1",
					"$(inherited)",
				);
				GCC_WARN_64_TO_32_BIT_CONVERSION = YES;
				GCC_WARN_ABOUT_RETURN_TYPE = YES_ERROR;
				GCC_WARN_UNDECLARED_SELECTOR = YES;
				GCC_WARN_UNINITIALIZED_AUTOS = YES_AGGRESSIVE;
				GCC_WARN_UNUSED_FUNCTION = YES;
				GCC_WARN_UNUSED_VARIABLE = YES;
				IPHONEOS_DEPLOYMENT_TARGET = 14.4;
				MTL_ENABLE_DEBUG_INFO = INCLUDE_SOURCE;
				MTL_FAST_MATH = YES;
				ONLY_ACTIVE_ARCH = YES;
				SDKROOT = iphoneos;
				SWIFT_ACTIVE_COMPILATION_CONDITIONS = DEBUG;
				SWIFT_OPTIMIZATION_LEVEL = "-Onone";
			};
			name = Debug;
		};
		C26B010A25EA951700AD7348 /* Release */ = {
			isa = XCBuildConfiguration;
			buildSettings = {
				ALWAYS_SEARCH_USER_PATHS = NO;
				CLANG_ANALYZER_NONNULL = YES;
				CLANG_ANALYZER_NUMBER_OBJECT_CONVERSION = YES_AGGRESSIVE;
				CLANG_CXX_LANGUAGE_STANDARD = "gnu++14";
				CLANG_CXX_LIBRARY = "libc++";
				CLANG_ENABLE_MODULES = YES;
				CLANG_ENABLE_OBJC_ARC = YES;
				CLANG_ENABLE_OBJC_WEAK = YES;
				CLANG_WARN_BLOCK_CAPTURE_AUTORELEASING = YES;
				CLANG_WARN_BOOL_CONVERSION = YES;
				CLANG_WARN_COMMA = YES;
				CLANG_WARN_CONSTANT_CONVERSION = YES;
				CLANG_WARN_DEPRECATED_OBJC_IMPLEMENTATIONS = YES;
				CLANG_WARN_DIRECT_OBJC_ISA_USAGE = YES_ERROR;
				CLANG_WARN_DOCUMENTATION_COMMENTS = YES;
				CLANG_WARN_EMPTY_BODY = YES;
				CLANG_WARN_ENUM_CONVERSION = YES;
				CLANG_WARN_INFINITE_RECURSION = YES;
				CLANG_WARN_INT_CONVERSION = YES;
				CLANG_WARN_NON_LITERAL_NULL_CONVERSION = YES;
				CLANG_WARN_OBJC_IMPLICIT_RETAIN_SELF = YES;
				CLANG_WARN_OBJC_LITERAL_CONVERSION = YES;
				CLANG_WARN_OBJC_ROOT_CLASS = YES_ERROR;
				CLANG_WARN_QUOTED_INCLUDE_IN_FRAMEWORK_HEADER = YES;
				CLANG_WARN_RANGE_LOOP_ANALYSIS = YES;
				CLANG_WARN_STRICT_PROTOTYPES = YES;
				CLANG_WARN_SUSPICIOUS_MOVE = YES;
				CLANG_WARN_UNGUARDED_AVAILABILITY = YES_AGGRESSIVE;
				CLANG_WARN_UNREACHABLE_CODE = YES;
				CLANG_WARN__DUPLICATE_METHOD_MATCH = YES;
				COPY_PHASE_STRIP = NO;
				DEBUG_INFORMATION_FORMAT = "dwarf-with-dsym";
				ENABLE_NS_ASSERTIONS = NO;
				ENABLE_STRICT_OBJC_MSGSEND = YES;
				GCC_C_LANGUAGE_STANDARD = gnu11;
				GCC_NO_COMMON_BLOCKS = YES;
				GCC_WARN_64_TO_32_BIT_CONVERSION = YES;
				GCC_WARN_ABOUT_RETURN_TYPE = YES_ERROR;
				GCC_WARN_UNDECLARED_SELECTOR = YES;
				GCC_WARN_UNINITIALIZED_AUTOS = YES_AGGRESSIVE;
				GCC_WARN_UNUSED_FUNCTION = YES;
				GCC_WARN_UNUSED_VARIABLE = YES;
				IPHONEOS_DEPLOYMENT_TARGET = 14.4;
				MTL_ENABLE_DEBUG_INFO = NO;
				MTL_FAST_MATH = YES;
				SDKROOT = iphoneos;
				SWIFT_COMPILATION_MODE = wholemodule;
				SWIFT_OPTIMIZATION_LEVEL = "-O";
				VALIDATE_PRODUCT = YES;
			};
			name = Release;
		};
		C26B010C25EA951700AD7348 /* Debug */ = {
			isa = XCBuildConfiguration;
			buildSettings = {
				ASSETCATALOG_COMPILER_APPICON_NAME = AppIcon;
				ASSETCATALOG_COMPILER_GLOBAL_ACCENT_COLOR_NAME = AccentColor;
				CODE_SIGN_STYLE = Automatic;
				DEVELOPMENT_ASSET_PATHS = "\"C2C/Preview Content\"";
				DEVELOPMENT_TEAM = TK5DS76L58;
				ENABLE_PREVIEWS = YES;
				INFOPLIST_FILE = C2C/Info.plist;
				IPHONEOS_DEPLOYMENT_TARGET = 14.0;
				LD_RUNPATH_SEARCH_PATHS = (
					"$(inherited)",
					"@executable_path/Frameworks",
				);
				PRODUCT_BUNDLE_IDENTIFIER = me.elbadaoui.C2C;
				PRODUCT_NAME = "$(TARGET_NAME)";
				SWIFT_VERSION = 5.0;
				TARGETED_DEVICE_FAMILY = 1;
			};
			name = Debug;
		};
		C26B010D25EA951700AD7348 /* Release */ = {
			isa = XCBuildConfiguration;
			buildSettings = {
				ASSETCATALOG_COMPILER_APPICON_NAME = AppIcon;
				ASSETCATALOG_COMPILER_GLOBAL_ACCENT_COLOR_NAME = AccentColor;
				CODE_SIGN_STYLE = Automatic;
				DEVELOPMENT_ASSET_PATHS = "\"C2C/Preview Content\"";
				DEVELOPMENT_TEAM = TK5DS76L58;
				ENABLE_PREVIEWS = YES;
				INFOPLIST_FILE = C2C/Info.plist;
				IPHONEOS_DEPLOYMENT_TARGET = 14.0;
				LD_RUNPATH_SEARCH_PATHS = (
					"$(inherited)",
					"@executable_path/Frameworks",
				);
				PRODUCT_BUNDLE_IDENTIFIER = me.elbadaoui.C2C;
				PRODUCT_NAME = "$(TARGET_NAME)";
				SWIFT_VERSION = 5.0;
				TARGETED_DEVICE_FAMILY = 1;
			};
			name = Release;
		};
		C26B010F25EA951700AD7348 /* Debug */ = {
			isa = XCBuildConfiguration;
			buildSettings = {
				ALWAYS_EMBED_SWIFT_STANDARD_LIBRARIES = YES;
				BUNDLE_LOADER = "$(TEST_HOST)";
				CODE_SIGN_STYLE = Automatic;
				DEVELOPMENT_TEAM = TK5DS76L58;
				INFOPLIST_FILE = C2CTests/Info.plist;
				IPHONEOS_DEPLOYMENT_TARGET = 14.0;
				LD_RUNPATH_SEARCH_PATHS = (
					"$(inherited)",
					"@executable_path/Frameworks",
					"@loader_path/Frameworks",
				);
				PRODUCT_BUNDLE_IDENTIFIER = me.elbadaoui.C2CTests;
				PRODUCT_NAME = "$(TARGET_NAME)";
				SWIFT_VERSION = 5.0;
				TARGETED_DEVICE_FAMILY = "1,2";
				TEST_HOST = "$(BUILT_PRODUCTS_DIR)/C2C.app/C2C";
			};
			name = Debug;
		};
		C26B011025EA951700AD7348 /* Release */ = {
			isa = XCBuildConfiguration;
			buildSettings = {
				ALWAYS_EMBED_SWIFT_STANDARD_LIBRARIES = YES;
				BUNDLE_LOADER = "$(TEST_HOST)";
				CODE_SIGN_STYLE = Automatic;
				DEVELOPMENT_TEAM = TK5DS76L58;
				INFOPLIST_FILE = C2CTests/Info.plist;
				IPHONEOS_DEPLOYMENT_TARGET = 14.0;
				LD_RUNPATH_SEARCH_PATHS = (
					"$(inherited)",
					"@executable_path/Frameworks",
					"@loader_path/Frameworks",
				);
				PRODUCT_BUNDLE_IDENTIFIER = me.elbadaoui.C2CTests;
				PRODUCT_NAME = "$(TARGET_NAME)";
				SWIFT_VERSION = 5.0;
				TARGETED_DEVICE_FAMILY = "1,2";
				TEST_HOST = "$(BUILT_PRODUCTS_DIR)/C2C.app/C2C";
			};
			name = Release;
		};
		C26B011225EA951700AD7348 /* Debug */ = {
			isa = XCBuildConfiguration;
			buildSettings = {
				ALWAYS_EMBED_SWIFT_STANDARD_LIBRARIES = YES;
				CODE_SIGN_STYLE = Automatic;
				DEVELOPMENT_TEAM = TK5DS76L58;
				INFOPLIST_FILE = C2CUITests/Info.plist;
				LD_RUNPATH_SEARCH_PATHS = (
					"$(inherited)",
					"@executable_path/Frameworks",
					"@loader_path/Frameworks",
				);
				PRODUCT_BUNDLE_IDENTIFIER = me.elbadaoui.C2CUITests;
				PRODUCT_NAME = "$(TARGET_NAME)";
				SWIFT_VERSION = 5.0;
				TARGETED_DEVICE_FAMILY = "1,2";
				TEST_TARGET_NAME = C2C;
			};
			name = Debug;
		};
		C26B011325EA951700AD7348 /* Release */ = {
			isa = XCBuildConfiguration;
			buildSettings = {
				ALWAYS_EMBED_SWIFT_STANDARD_LIBRARIES = YES;
				CODE_SIGN_STYLE = Automatic;
				DEVELOPMENT_TEAM = TK5DS76L58;
				INFOPLIST_FILE = C2CUITests/Info.plist;
				LD_RUNPATH_SEARCH_PATHS = (
					"$(inherited)",
					"@executable_path/Frameworks",
					"@loader_path/Frameworks",
				);
				PRODUCT_BUNDLE_IDENTIFIER = me.elbadaoui.C2CUITests;
				PRODUCT_NAME = "$(TARGET_NAME)";
				SWIFT_VERSION = 5.0;
				TARGETED_DEVICE_FAMILY = "1,2";
				TEST_TARGET_NAME = C2C;
			};
			name = Release;
		};
/* End XCBuildConfiguration section */

/* Begin XCConfigurationList section */
		C26B00E125EA951400AD7348 /* Build configuration list for PBXProject "C2C" */ = {
			isa = XCConfigurationList;
			buildConfigurations = (
				C26B010925EA951700AD7348 /* Debug */,
				C26B010A25EA951700AD7348 /* Release */,
			);
			defaultConfigurationIsVisible = 0;
			defaultConfigurationName = Release;
		};
		C26B010B25EA951700AD7348 /* Build configuration list for PBXNativeTarget "C2C" */ = {
			isa = XCConfigurationList;
			buildConfigurations = (
				C26B010C25EA951700AD7348 /* Debug */,
				C26B010D25EA951700AD7348 /* Release */,
			);
			defaultConfigurationIsVisible = 0;
			defaultConfigurationName = Release;
		};
		C26B010E25EA951700AD7348 /* Build configuration list for PBXNativeTarget "C2CTests" */ = {
			isa = XCConfigurationList;
			buildConfigurations = (
				C26B010F25EA951700AD7348 /* Debug */,
				C26B011025EA951700AD7348 /* Release */,
			);
			defaultConfigurationIsVisible = 0;
			defaultConfigurationName = Release;
		};
		C26B011125EA951700AD7348 /* Build configuration list for PBXNativeTarget "C2CUITests" */ = {
			isa = XCConfigurationList;
			buildConfigurations = (
				C26B011225EA951700AD7348 /* Debug */,
				C26B011325EA951700AD7348 /* Release */,
			);
			defaultConfigurationIsVisible = 0;
			defaultConfigurationName = Release;
		};
/* End XCConfigurationList section */
	};
	rootObject = C26B00DE25EA951400AD7348 /* Project object */;
}
